
Microsoft Visual Studio Solution File, Format Version 12.00
# Visual Studio Version 17
VisualStudioVersion = 17.6.33513.286
MinimumVisualStudioVersion = 10.0.40219.1
Project("{FAE04EC0-301F-11D3-BF4B-00C04F79EFBC}") = "BindAfter", "BindAfter\BindAfter.csproj", "{FD26F022-3393-4AB6-8471-A6DB47079C30}"
EndProject
Global
	GlobalSection(SolutionConfigurationPlatforms) = preSolution
		Debug|Any CPU = Debug|Any CPU
		Release|Any CPU = Release|Any CPU
	EndGlobalSection
	GlobalSection(ProjectConfigurationPlatforms) = postSolution
		{FD26F022-3393-4AB6-8471-A6DB47079C30}.Debug|Any CPU.ActiveCfg = Debug|Any CPU
		{FD26F022-3393-4AB6-8471-A6DB47079C30}.Debug|Any CPU.Build.0 = Debug|Any CPU
		{FD26F022-3393-4AB6-8471-A6DB47079C30}.Release|Any CPU.ActiveCfg = Release|Any CPU
		{FD26F022-3393-4AB6-8471-A6DB47079C30}.Release|Any CPU.Build.0 = Release|Any CPU
	EndGlobalSection
	GlobalSection(SolutionProperties) = preSolution
		HideSolutionNode = FALSE
	EndGlobalSection
	GlobalSection(ExtensibilityGlobals) = postSolution
		SolutionGuid = {89929FEF-1F81-43B2-A2F7-074482B5CA3F}
	EndGlobalSection
EndGlobal
